# This file is automatically @generated by Cargo.
# It is not intended for manual editing.
version = 4

[[package]]
name = "backtesting-engine-guardian"
version = "0.1.0"

[[package]]
name = "backtesting-engine-kernels"
version = "0.1.0"

[[package]]
name = "backtesting-engine-opsd"
version = "0.1.0"
dependencies = [
 "backtesting-engine-kernels",
]

[[package]]
name = "backtesting-engine-watchdog"
version = "0.1.0"
